
Microsoft Visual Studio Solution File, Format Version 12.00
# Visual Studio Version 17
VisualStudioVersion = 17.14.36109.1 d17.14
MinimumVisualStudioVersion = 10.0.40219.1
Project("{FAE04EC0-301F-11D3-BF4B-00C04F79EFBC}") = "ApiAzureDevOpsPipeline", "ApiAzureDevOpsPipeline\ApiAzureDevOpsPipeline.csproj", "{5DF7C4E8-BBDE-4C06-9D5B-6ED4503F89D7}"
EndProject
Global
	GlobalSection(SolutionConfigurationPlatforms) = preSolution
		Debug|Any CPU = Debug|Any CPU
		Release|Any CPU = Release|Any CPU
	EndGlobalSection
	GlobalSection(ProjectConfigurationPlatforms) = postSolution
		{5DF7C4E8-BBDE-4C06-9D5B-6ED4503F89D7}.Debug|Any CPU.ActiveCfg = Debug|Any CPU
		{5DF7C4E8-BBDE-4C06-9D5B-6ED4503F89D7}.Debug|Any CPU.Build.0 = Debug|Any CPU
		{5DF7C4E8-BBDE-4C06-9D5B-6ED4503F89D7}.Release|Any CPU.ActiveCfg = Release|Any CPU
		{5DF7C4E8-BBDE-4C06-9D5B-6ED4503F89D7}.Release|Any CPU.Build.0 = Release|Any CPU
	EndGlobalSection
	GlobalSection(SolutionProperties) = preSolution
		HideSolutionNode = FALSE
	EndGlobalSection
	GlobalSection(ExtensibilityGlobals) = postSolution
		SolutionGuid = {5619D04A-972B-4A17-9D46-901213F0DC1F}
	EndGlobalSection
EndGlobal
